{
  "name": "vmdweb.github.io",
  "lockfileVersion": 3,
  "requires": true,
  "packages": {
    "": {
      "dependencies": {
        "camera-controls": "github:yomotsu/camera-controls",
        "three": "^0.170.0"
      }
    },
    "node_modules/camera-controls": {
      "version": "0.0.0-semantic-release",
      "resolved": "git+ssh://git@github.com/yomotsu/camera-controls.git#771815f1a2683ab428062f4a461dc1c968fe010d",
      "license": "MIT",
      "peerDependencies": {
        "three": ">=0.126.1"
      }
    },
    "node_modules/three": {
      "version": "0.170.0",
      "resolved": "https://registry.npmjs.org/three/-/three-0.170.0.tgz",
      "integrity": "sha512-FQK+LEpYc0fBD+J8g6oSEyyNzjp+Q7Ks1C568WWaoMRLW+TkNNWmenWeGgJjV105Gd+p/2ql1ZcjYvNiPZBhuQ==",
      "license": "MIT"
    }
  }
}
